
Microsoft Visual Studio Solution File, Format Version 11.00
# Visual Studio 2010
Project("{FAE04EC0-301F-11D3-BF4B-00C04F79EFBC}") = "Tarantula", "WindowsApplication1\Tarantula.csproj", "{719D67C2-4820-416D-85DB-AA2DEF670844}"
EndProject
Project("{54435603-DBB4-11D2-8724-00A0C9A8B90C}") = "Tarantula1.0", "Tarantula1.0\Tarantula1.0.vdproj", "{26903A4D-00E1-45F8-AFEE-227E5A904F8B}"
EndProject
Global
	GlobalSection(SolutionConfigurationPlatforms) = preSolution
		Debug|Any CPU = Debug|Any CPU
		Release|Any CPU = Release|Any CPU
	EndGlobalSection
	GlobalSection(ProjectConfigurationPlatforms) = postSolution
		{719D67C2-4820-416D-85DB-AA2DEF670844}.Debug|Any CPU.ActiveCfg = Debug|Any CPU
		{719D67C2-4820-416D-85DB-AA2DEF670844}.Debug|Any CPU.Build.0 = Debug|Any CPU
		{719D67C2-4820-416D-85DB-AA2DEF670844}.Release|Any CPU.ActiveCfg = Release|Any CPU
		{719D67C2-4820-416D-85DB-AA2DEF670844}.Release|Any CPU.Build.0 = Release|Any CPU
		{26903A4D-00E1-45F8-AFEE-227E5A904F8B}.Debug|Any CPU.ActiveCfg = Debug
		{26903A4D-00E1-45F8-AFEE-227E5A904F8B}.Release|Any CPU.ActiveCfg = Release
	EndGlobalSection
	GlobalSection(SolutionProperties) = preSolution
		HideSolutionNode = FALSE
	EndGlobalSection
EndGlobal
